<?xml version="1.0" encoding="utf-8"?>
<Project ToolsVersion="4.0" xmlns="http://schemas.microsoft.com/developer/msbuild/2003">
  <ItemGroup>
    <Filter Include="Source Files">
      <UniqueIdentifier>{4FC737F1-C7A5-4376-A066-2A32D752A2FF}</UniqueIdentifier>
      <Extensions>cpp;c;cc;cxx;def;odl;idl;hpj;bat;asm;asmx</Extensions>
    </Filter>
    <Filter Include="Header Files">
      <UniqueIdentifier>{93995380-89BD-4b04-88EB-625FBE52EBFB}</UniqueIdentifier>
      <Extensions>h;hh;hpp;hxx;hm;inl;inc;xsd</Extensions>
    </Filter>
    <Filter Include="Resource Files">
      <UniqueIdentifier>{67DA6AB6-F800-4c08-8B7A-83BB121AAD01}</UniqueIdentifier>
      <Extensions>rc;ico;cur;bmp;dlg;rc2;rct;bin;rgs;gif;jpg;jpeg;jpe;resx;tiff;tif;png;wav;mfcribbon-ms</Extensions>
    </Filter>
    <Filter Include="Resource Files\Shaders">
      <UniqueIdentifier>{36f42b50-2400-4e78-97d3-c04c744652a3}</UniqueIdentifier>
    </Filter>
    <Filter Include="Resource Files\CoreStructures">
      <UniqueIdentifier>{fe980ebc-918b-4f37-bb9d-d23eff876f95}</UniqueIdentifier>
    </Filter>
    <Filter Include="Resource Files\CoreStructures\Headers">
      <UniqueIdentifier>{a4826d2a-d70d-4fb3-96ea-333c9b886a5d}</UniqueIdentifier>
    </Filter>
    <Filter Include="Resource Files\CoreStructures\Sources">
      <UniqueIdentifier>{eaf73aaa-e5a4-4125-b350-d998b64e2408}</UniqueIdentifier>
    </Filter>
    <Filter Include="Header Files\imgui">
      <UniqueIdentifier>{bcbe5c29-2e93-4933-ba5c-41eb3fa004d1}</UniqueIdentifier>
    </Filter>
    <Filter Include="Source Files\imgui">
      <UniqueIdentifier>{5bae032a-6fb2-4e46-8068-f22e0f3b03a6}</UniqueIdentifier>
    </Filter>
  </ItemGroup>
  <ItemGroup>
    <ClCompile Include="Source.cpp">
      <Filter>Source Files</Filter>
    </ClCompile>
    <ClCompile Include="glad.c">
      <Filter>Resource Files</Filter>
    </ClCompile>
    <ClCompile Include="..\..\Resources\CoreStructures\Camera.cpp">
      <Filter>Resource Files\CoreStructures\Sources</Filter>
    </ClCompile>
    <ClCompile Include="..\..\Resources\CoreStructures\Mesh.cpp">
      <Filter>Resource Files\CoreStructures\Sources</Filter>
    </ClCompile>
    <ClCompile Include="..\..\Resources\CoreStructures\Model.cpp">
      <Filter>Resource Files\CoreStructures\Sources</Filter>
    </ClCompile>
    <ClCompile Include="..\..\Resources\CoreStructures\ShaderLoader.cpp">
      <Filter>Resource Files\CoreStructures\Sources</Filter>
    </ClCompile>
    <ClCompile Include="..\..\Resources\CoreStructures\TextureLoader.cpp">
      <Filter>Resource Files\CoreStructures\Sources</Filter>
    </ClCompile>
    <ClCompile Include="..\..\Resources\CoreStructures\Timer.cpp">
      <Filter>Resource Files\CoreStructures\Sources</Filter>
    </ClCompile>
    <ClCompile Include="Scene.cpp">
      <Filter>Source Files</Filter>
    </ClCompile>
    <ClCompile Include="..\..\Resources\imgui\imgui.cpp">
      <Filter>Source Files\imgui</Filter>
    </ClCompile>
    <ClCompile Include="..\..\Resources\imgui\imgui_demo.cpp">
      <Filter>Source Files\imgui</Filter>
    </ClCompile>
    <ClCompile Include="..\..\Resources\imgui\imgui_draw.cpp">
      <Filter>Source Files\imgui</Filter>
    </ClCompile>
    <ClCompile Include="..\..\Resources\imgui\imgui_impl_glfw.cpp">
      <Filter>Source Files\imgui</Filter>
    </ClCompile>
    <ClCompile Include="..\..\Resources\imgui\imgui_impl_opengl3.cpp">
      <Filter>Source Files\imgui</Filter>
    </ClCompile>
    <ClCompile Include="..\..\Resources\imgui\imgui_tables.cpp">
      <Filter>Source Files\imgui</Filter>
    </ClCompile>
    <ClCompile Include="..\..\Resources\imgui\imgui_widgets.cpp">
      <Filter>Source Files\imgui</Filter>
    </ClCompile>
    <ClCompile Include="Node_Model.cpp">
      <Filter>Source Files</Filter>
    </ClCompile>
  </ItemGroup>
  <ItemGroup>
    <ClInclude Include="Includes.h">
      <Filter>Resource Files</Filter>
    </ClInclude>
    <ClInclude Include="..\..\Resources\CoreStructures\Camera.h">
      <Filter>Resource Files\CoreStructures\Headers</Filter>
    </ClInclude>
    <ClInclude Include="..\..\Resources\CoreStructures\Model.h">
      <Filter>Resource Files\CoreStructures\Headers</Filter>
    </ClInclude>
    <ClInclude Include="..\..\Resources\CoreStructures\Mesh.h">
      <Filter>Resource Files\CoreStructures\Headers</Filter>
    </ClInclude>
    <ClInclude Include="..\..\Resources\CoreStructures\ShaderLoader.h">
      <Filter>Resource Files\CoreStructures\Headers</Filter>
    </ClInclude>
    <ClInclude Include="..\..\Resources\CoreStructures\stb_image.h">
      <Filter>Resource Files\CoreStructures\Headers</Filter>
    </ClInclude>
    <ClInclude Include="..\..\Resources\CoreStructures\TextureLoader.h">
      <Filter>Resource Files\CoreStructures\Headers</Filter>
    </ClInclude>
    <ClInclude Include="..\..\Resources\CoreStructures\Timer.h">
      <Filter>Resource Files\CoreStructures\Headers</Filter>
    </ClInclude>
    <ClInclude Include="Scene.h">
      <Filter>Header Files</Filter>
    </ClInclude>
    <ClInclude Include="..\..\Resources\imgui\imconfig.h">
      <Filter>Header Files\imgui</Filter>
    </ClInclude>
    <ClInclude Include="..\..\Resources\imgui\imgui.h">
      <Filter>Header Files\imgui</Filter>
    </ClInclude>
    <ClInclude Include="..\..\Resources\imgui\imgui_impl_glfw.h">
      <Filter>Header Files\imgui</Filter>
    </ClInclude>
    <ClInclude Include="..\..\Resources\imgui\imgui_impl_opengl3.h">
      <Filter>Header Files\imgui</Filter>
    </ClInclude>
    <ClInclude Include="..\..\Resources\imgui\imgui_internal.h">
      <Filter>Header Files\imgui</Filter>
    </ClInclude>
    <ClInclude Include="..\..\Resources\imgui\imstb_rectpack.h">
      <Filter>Header Files\imgui</Filter>
    </ClInclude>
    <ClInclude Include="..\..\Resources\imgui\imstb_textedit.h">
      <Filter>Header Files\imgui</Filter>
    </ClInclude>
    <ClInclude Include="..\..\Resources\imgui\imstb_truetype.h">
      <Filter>Header Files\imgui</Filter>
    </ClInclude>
    <ClInclude Include="..\..\Resources\imgui\imgui_impl_opengl3_loader.h">
      <Filter>Header Files\imgui</Filter>
    </ClInclude>
    <ClInclude Include="Node_Model.h">
      <Filter>Header Files</Filter>
    </ClInclude>
  </ItemGroup>
  <ItemGroup>
    <None Include="Resources\Shaders\frag.shader">
      <Filter>Resource Files\Shaders</Filter>
    </None>
    <None Include="Resources\Shaders\vert.shader">
      <Filter>Resource Files\Shaders</Filter>
    </None>
  </ItemGroup>
</Project>